// !$*UTF8*$!
{
	archiveVersion = 1;
	classes = {
	};
	objectVersion = 77;
	objects = {

/* Begin PBXBuildFile section */
		1AAE28502CC561BD005620F2 /* ChemaUtils in Frameworks */ = {isa = PBXBuildFile; productRef = 1A403C0B2CC4DF6B00F5236A /* ChemaUtils */; };
		1AF65A882CC56D2D004E491B /* ChemaUtils in Frameworks */ = {isa = PBXBuildFile; productRef = 1A3CB06A2CC38F2800B08AEA /* ChemaUtils */; };
		1AF65A892CC56D2D004E491B /* ChemaUtils in Frameworks */ = {isa = PBXBuildFile; productRef = 1A3CB0E22CC398DE00B08AEA /* ChemaUtils */; };
		1AF65A8A2CC56D2D004E491B /* ChemaUtils in Frameworks */ = {isa = PBXBuildFile; productRef = 1AB828DF2CC3BA150008F241 /* ChemaUtils */; };
/* End PBXBuildFile section */

/* Begin PBXContainerItemProxy section */
		1AAF77A12CC55F6D00684251 /* PBXContainerItemProxy */ = {
			isa = PBXContainerItemProxy;
			containerPortal = 1ACAB80D2CC2CFCF00115F09 /* Project object */;
			proxyType = 1;
			remoteGlobalIDString = 1ACAB8142CC2CFD000115F09;
			remoteInfo = SwiftCV;
		};
/* End PBXContainerItemProxy section */

/* Begin PBXFileReference section */
		1AAF779D2CC55F6D00684251 /* SwiftCVTests.xctest */ = {isa = PBXFileReference; explicitFileType = wrapper.cfbundle; includeInIndex = 0; path = SwiftCVTests.xctest; sourceTree = BUILT_PRODUCTS_DIR; };
		1ACAB8152CC2CFD000115F09 /* SwiftCV.app */ = {isa = PBXFileReference; explicitFileType = wrapper.application; includeInIndex = 0; path = SwiftCV.app; sourceTree = BUILT_PRODUCTS_DIR; };
/* End PBXFileReference section */

/* Begin PBXFileSystemSynchronizedBuildFileExceptionSet section */
		1ACAB8272CC2CFD300115F09 /* Exceptions for "SwiftCV" folder in "SwiftCV" target */ = {
			isa = PBXFileSystemSynchronizedBuildFileExceptionSet;
			membershipExceptions = (
				Info.plist,
			);
			target = 1ACAB8142CC2CFD000115F09 /* SwiftCV */;
		};
/* End PBXFileSystemSynchronizedBuildFileExceptionSet section */

/* Begin PBXFileSystemSynchronizedRootGroup section */
		1AAF779E2CC55F6D00684251 /* Tests */ = {
			isa = PBXFileSystemSynchronizedRootGroup;
			path = Tests;
			sourceTree = "<group>";
		};
		1ACAB8172CC2CFD000115F09 /* SwiftCV */ = {
			isa = PBXFileSystemSynchronizedRootGroup;
			exceptions = (
				1ACAB8272CC2CFD300115F09 /* Exceptions for "SwiftCV" folder in "SwiftCV" target */,
			);
			path = SwiftCV;
			sourceTree = "<group>";
		};
/* End PBXFileSystemSynchronizedRootGroup section */

/* Begin PBXFrameworksBuildPhase section */
		1AAF779A2CC55F6D00684251 /* Frameworks */ = {
			isa = PBXFrameworksBuildPhase;
			buildActionMask = 2147483647;
			files = (
			);
			runOnlyForDeploymentPostprocessing = 0;
		};
		1ACAB8122CC2CFD000115F09 /* Frameworks */ = {
			isa = PBXFrameworksBuildPhase;
			buildActionMask = 2147483647;
			files = (
				1AF65A8A2CC56D2D004E491B /* ChemaUtils in Frameworks */,
				1AF65A892CC56D2D004E491B /* ChemaUtils in Frameworks */,
				1AF65A882CC56D2D004E491B /* ChemaUtils in Frameworks */,
				1AAE28502CC561BD005620F2 /* ChemaUtils in Frameworks */,
			);
			runOnlyForDeploymentPostprocessing = 0;
		};
/* End PBXFrameworksBuildPhase section */

/* Begin PBXGroup section */
		1A72E2222CC561A6000A2C4A /* Frameworks */ = {
			isa = PBXGroup;
			children = (
			);
			name = Frameworks;
			sourceTree = "<group>";
		};
		1ACAB80C2CC2CFCF00115F09 = {
			isa = PBXGroup;
			children = (
				1ACAB8172CC2CFD000115F09 /* SwiftCV */,
				1AAF779E2CC55F6D00684251 /* Tests */,
				1A72E2222CC561A6000A2C4A /* Frameworks */,
				1ACAB8162CC2CFD000115F09 /* Products */,
			);
			sourceTree = "<group>";
		};
		1ACAB8162CC2CFD000115F09 /* Products */ = {
			isa = PBXGroup;
			children = (
				1ACAB8152CC2CFD000115F09 /* SwiftCV.app */,
				1AAF779D2CC55F6D00684251 /* SwiftCVTests.xctest */,
			);
			name = Products;
			sourceTree = "<group>";
		};
/* End PBXGroup section */

/* Begin PBXNativeTarget section */
		1AAF779C2CC55F6D00684251 /* SwiftCVTests */ = {
			isa = PBXNativeTarget;
			buildConfigurationList = 1AAF77A32CC55F6D00684251 /* Build configuration list for PBXNativeTarget "SwiftCVTests" */;
			buildPhases = (
				1AAF77992CC55F6D00684251 /* Sources */,
				1AAF779A2CC55F6D00684251 /* Frameworks */,
				1AAF779B2CC55F6D00684251 /* Resources */,
			);
			buildRules = (
			);
			dependencies = (
				1AAF77A22CC55F6D00684251 /* PBXTargetDependency */,
			);
			fileSystemSynchronizedGroups = (
				1AAF779E2CC55F6D00684251 /* Tests */,
			);
			name = SwiftCVTests;
			packageProductDependencies = (
			);
			productName = SwiftCVTests;
			productReference = 1AAF779D2CC55F6D00684251 /* SwiftCVTests.xctest */;
			productType = "com.apple.product-type.bundle.unit-test";
		};
		1ACAB8142CC2CFD000115F09 /* SwiftCV */ = {
			isa = PBXNativeTarget;
			buildConfigurationList = 1ACAB8282CC2CFD300115F09 /* Build configuration list for PBXNativeTarget "SwiftCV" */;
			buildPhases = (
				1ACAB8112CC2CFD000115F09 /* Sources */,
				1ACAB8122CC2CFD000115F09 /* Frameworks */,
				1ACAB8132CC2CFD000115F09 /* Resources */,
			);
			buildRules = (
			);
			dependencies = (
				1AB1567C2CC570B9004BF111 /* PBXTargetDependency */,
			);
			fileSystemSynchronizedGroups = (
				1ACAB8172CC2CFD000115F09 /* SwiftCV */,
			);
			name = SwiftCV;
			packageProductDependencies = (
				1A3CB06A2CC38F2800B08AEA /* ChemaUtils */,
				1A3CB0E22CC398DE00B08AEA /* ChemaUtils */,
				1AB828DF2CC3BA150008F241 /* ChemaUtils */,
				1A403C0B2CC4DF6B00F5236A /* ChemaUtils */,
			);
			productName = SwiftCV;
			productReference = 1ACAB8152CC2CFD000115F09 /* SwiftCV.app */;
			productType = "com.apple.product-type.application";
		};
/* End PBXNativeTarget section */

/* Begin PBXProject section */
		1ACAB80D2CC2CFCF00115F09 /* Project object */ = {
			isa = PBXProject;
			attributes = {
				BuildIndependentTargetsInParallel = 1;
				LastSwiftUpdateCheck = 1600;
				LastUpgradeCheck = 1600;
				TargetAttributes = {
					1AAF779C2CC55F6D00684251 = {
						CreatedOnToolsVersion = 16.0;
						LastSwiftMigration = 1600;
						TestTargetID = 1ACAB8142CC2CFD000115F09;
					};
					1ACAB8142CC2CFD000115F09 = {
						CreatedOnToolsVersion = 16.0;
					};
				};
			};
			buildConfigurationList = 1ACAB8102CC2CFD000115F09 /* Build configuration list for PBXProject "SwiftCV" */;
			developmentRegion = en;
			hasScannedForEncodings = 0;
			knownRegions = (
				en,
				Base,
			);
			mainGroup = 1ACAB80C2CC2CFCF00115F09;
			minimizedProjectReferenceProxies = 1;
			packageReferences = (
				1A2BFC5E2CC56FA60033B837 /* XCRemoteSwiftPackageReference "SwiftLintPlugins" */,
				1A37E3542CC6A6970041D586 /* XCRemoteSwiftPackageReference "ChemaUtils" */,
			);
			preferredProjectObjectVersion = 77;
			productRefGroup = 1ACAB8162CC2CFD000115F09 /* Products */;
			projectDirPath = "";
			projectRoot = "";
			targets = (
				1ACAB8142CC2CFD000115F09 /* SwiftCV */,
				1AAF779C2CC55F6D00684251 /* SwiftCVTests */,
			);
		};
/* End PBXProject section */

/* Begin PBXResourcesBuildPhase section */
		1AAF779B2CC55F6D00684251 /* Resources */ = {
			isa = PBXResourcesBuildPhase;
			buildActionMask = 2147483647;
			files = (
			);
			runOnlyForDeploymentPostprocessing = 0;
		};
		1ACAB8132CC2CFD000115F09 /* Resources */ = {
			isa = PBXResourcesBuildPhase;
			buildActionMask = 2147483647;
			files = (
			);
			runOnlyForDeploymentPostprocessing = 0;
		};
/* End PBXResourcesBuildPhase section */

/* Begin PBXSourcesBuildPhase section */
		1AAF77992CC55F6D00684251 /* Sources */ = {
			isa = PBXSourcesBuildPhase;
			buildActionMask = 2147483647;
			files = (
			);
			runOnlyForDeploymentPostprocessing = 0;
		};
		1ACAB8112CC2CFD000115F09 /* Sources */ = {
			isa = PBXSourcesBuildPhase;
			buildActionMask = 2147483647;
			files = (
			);
			runOnlyForDeploymentPostprocessing = 0;
		};
/* End PBXSourcesBuildPhase section */

/* Begin PBXTargetDependency section */
		1AAF77A22CC55F6D00684251 /* PBXTargetDependency */ = {
			isa = PBXTargetDependency;
			target = 1ACAB8142CC2CFD000115F09 /* SwiftCV */;
			targetProxy = 1AAF77A12CC55F6D00684251 /* PBXContainerItemProxy */;
		};
		1AB1567C2CC570B9004BF111 /* PBXTargetDependency */ = {
			isa = PBXTargetDependency;
			productRef = 1AB1567B2CC570B9004BF111 /* SwiftLintBuildToolPlugin */;
		};
/* End PBXTargetDependency section */

/* Begin XCBuildConfiguration section */
		1AAF77A42CC55F6D00684251 /* Debug */ = {
			isa = XCBuildConfiguration;
			buildSettings = {
				BUNDLE_LOADER = "$(TEST_HOST)";
				CLANG_ENABLE_MODULES = YES;
				CODE_SIGN_STYLE = Automatic;
				CURRENT_PROJECT_VERSION = 1;
				DEVELOPMENT_TEAM = 85YP73WK35;
				GENERATE_INFOPLIST_FILE = YES;
				IPHONEOS_DEPLOYMENT_TARGET = 17;
				MARKETING_VERSION = 1.0;
				PRODUCT_BUNDLE_IDENTIFIER = com.appoteosis.SwiftCVTests;
				PRODUCT_NAME = "$(TARGET_NAME)";
				SUPPORTED_PLATFORMS = "iphoneos iphonesimulator";
				SUPPORTS_MACCATALYST = NO;
				SUPPORTS_MAC_DESIGNED_FOR_IPHONE_IPAD = NO;
				SUPPORTS_XR_DESIGNED_FOR_IPHONE_IPAD = NO;
				SWIFT_EMIT_LOC_STRINGS = NO;
				SWIFT_OPTIMIZATION_LEVEL = "-Onone";
				SWIFT_VERSION = 5.0;
				TARGETED_DEVICE_FAMILY = 1;
				TEST_HOST = "$(BUILT_PRODUCTS_DIR)/SwiftCV.app/$(BUNDLE_EXECUTABLE_FOLDER_PATH)/SwiftCV";
			};
			name = Debug;
		};
		1AAF77A52CC55F6D00684251 /* Release */ = {
			isa = XCBuildConfiguration;
			buildSettings = {
				BUNDLE_LOADER = "$(TEST_HOST)";
				CLANG_ENABLE_MODULES = YES;
				CODE_SIGN_STYLE = Automatic;
				CURRENT_PROJECT_VERSION = 1;
				DEVELOPMENT_TEAM = 85YP73WK35;
				GENERATE_INFOPLIST_FILE = YES;
				IPHONEOS_DEPLOYMENT_TARGET = 17;
				MARKETING_VERSION = 1.0;
				PRODUCT_BUNDLE_IDENTIFIER = com.appoteosis.SwiftCVTests;
				PRODUCT_NAME = "$(TARGET_NAME)";
				SUPPORTED_PLATFORMS = "iphoneos iphonesimulator";
				SUPPORTS_MACCATALYST = NO;
				SUPPORTS_MAC_DESIGNED_FOR_IPHONE_IPAD = NO;
				SUPPORTS_XR_DESIGNED_FOR_IPHONE_IPAD = NO;
				SWIFT_EMIT_LOC_STRINGS = NO;
				SWIFT_VERSION = 5.0;
				TARGETED_DEVICE_FAMILY = 1;
				TEST_HOST = "$(BUILT_PRODUCTS_DIR)/SwiftCV.app/$(BUNDLE_EXECUTABLE_FOLDER_PATH)/SwiftCV";
			};
			name = Release;
		};
		1ACAB8292CC2CFD300115F09 /* Debug */ = {
			isa = XCBuildConfiguration;
			buildSettings = {
				ASSETCATALOG_COMPILER_APPICON_NAME = AppIcon;
				ASSETCATALOG_COMPILER_GLOBAL_ACCENT_COLOR_NAME = AccentColor;
				CODE_SIGN_STYLE = Automatic;
				CURRENT_PROJECT_VERSION = 1;
				DEVELOPMENT_TEAM = 85YP73WK35;
				GENERATE_INFOPLIST_FILE = YES;
				INFOPLIST_FILE = SwiftCV/Info.plist;
				INFOPLIST_KEY_UIApplicationSupportsIndirectInputEvents = YES;
				INFOPLIST_KEY_UILaunchStoryboardName = LaunchScreen;
				INFOPLIST_KEY_UISupportedInterfaceOrientations = UIInterfaceOrientationPortrait;
				INFOPLIST_KEY_UISupportedInterfaceOrientations_iPad = "UIInterfaceOrientationLandscapeLeft UIInterfaceOrientationLandscapeRight UIInterfaceOrientationPortrait UIInterfaceOrientationPortraitUpsideDown";
				IPHONEOS_DEPLOYMENT_TARGET = 17.0;
				LD_RUNPATH_SEARCH_PATHS = (
					"$(inherited)",
					"@executable_path/Frameworks",
				);
				MARKETING_VERSION = 1.0;
				PRODUCT_BUNDLE_IDENTIFIER = com.appoteosis.SwiftCV;
				PRODUCT_NAME = "$(TARGET_NAME)";
				SUPPORTED_PLATFORMS = "iphoneos iphonesimulator";
				SUPPORTS_MACCATALYST = NO;
				SUPPORTS_MAC_DESIGNED_FOR_IPHONE_IPAD = NO;
				SUPPORTS_XR_DESIGNED_FOR_IPHONE_IPAD = NO;
				SWIFT_EMIT_LOC_STRINGS = YES;
				SWIFT_VERSION = 5.0;
				TARGETED_DEVICE_FAMILY = 1;
			};
			name = Debug;
		};
		1ACAB82A2CC2CFD300115F09 /* Release */ = {
			isa = XCBuildConfiguration;
			buildSettings = {
				ASSETCATALOG_COMPILER_APPICON_NAME = AppIcon;
				ASSETCATALOG_COMPILER_GLOBAL_ACCENT_COLOR_NAME = AccentColor;
				CODE_SIGN_STYLE = Automatic;
				CURRENT_PROJECT_VERSION = 1;
				DEVELOPMENT_TEAM = 85YP73WK35;
				GENERATE_INFOPLIST_FILE = YES;
				INFOPLIST_FILE = SwiftCV/Info.plist;
				INFOPLIST_KEY_UIApplicationSupportsIndirectInputEvents = YES;
				INFOPLIST_KEY_UILaunchStoryboardName = LaunchScreen;
				INFOPLIST_KEY_UISupportedInterfaceOrientations = UIInterfaceOrientationPortrait;
				INFOPLIST_KEY_UISupportedInterfaceOrientations_iPad = "UIInterfaceOrientationLandscapeLeft UIInterfaceOrientationLandscapeRight UIInterfaceOrientationPortrait UIInterfaceOrientationPortraitUpsideDown";
				IPHONEOS_DEPLOYMENT_TARGET = 17.0;
				LD_RUNPATH_SEARCH_PATHS = (
					"$(inherited)",
					"@executable_path/Frameworks",
				);
				MARKETING_VERSION = 1.0;
				PRODUCT_BUNDLE_IDENTIFIER = com.appoteosis.SwiftCV;
				PRODUCT_NAME = "$(TARGET_NAME)";
				SUPPORTED_PLATFORMS = "iphoneos iphonesimulator";
				SUPPORTS_MACCATALYST = NO;
				SUPPORTS_MAC_DESIGNED_FOR_IPHONE_IPAD = NO;
				SUPPORTS_XR_DESIGNED_FOR_IPHONE_IPAD = NO;
				SWIFT_EMIT_LOC_STRINGS = YES;
				SWIFT_VERSION = 5.0;
				TARGETED_DEVICE_FAMILY = 1;
			};
			name = Release;
		};
		1ACAB82B2CC2CFD300115F09 /* Debug */ = {
			isa = XCBuildConfiguration;
			buildSettings = {
				ALWAYS_SEARCH_USER_PATHS = NO;
				ASSETCATALOG_COMPILER_GENERATE_SWIFT_ASSET_SYMBOL_EXTENSIONS = YES;
				CLANG_ANALYZER_NONNULL = YES;
				CLANG_ANALYZER_NUMBER_OBJECT_CONVERSION = YES_AGGRESSIVE;
				CLANG_CXX_LANGUAGE_STANDARD = "gnu++20";
				CLANG_ENABLE_MODULES = YES;
				CLANG_ENABLE_OBJC_ARC = YES;
				CLANG_ENABLE_OBJC_WEAK = YES;
				CLANG_WARN_BLOCK_CAPTURE_AUTORELEASING = YES;
				CLANG_WARN_BOOL_CONVERSION = YES;
				CLANG_WARN_COMMA = YES;
				CLANG_WARN_CONSTANT_CONVERSION = YES;
				CLANG_WARN_DEPRECATED_OBJC_IMPLEMENTATIONS = YES;
				CLANG_WARN_DIRECT_OBJC_ISA_USAGE = YES_ERROR;
				CLANG_WARN_DOCUMENTATION_COMMENTS = YES;
				CLANG_WARN_EMPTY_BODY = YES;
				CLANG_WARN_ENUM_CONVERSION = YES;
				CLANG_WARN_INFINITE_RECURSION = YES;
				CLANG_WARN_INT_CONVERSION = YES;
				CLANG_WARN_NON_LITERAL_NULL_CONVERSION = YES;
				CLANG_WARN_OBJC_IMPLICIT_RETAIN_SELF = YES;
				CLANG_WARN_OBJC_LITERAL_CONVERSION = YES;
				CLANG_WARN_OBJC_ROOT_CLASS = YES_ERROR;
				CLANG_WARN_QUOTED_INCLUDE_IN_FRAMEWORK_HEADER = YES;
				CLANG_WARN_RANGE_LOOP_ANALYSIS = YES;
				CLANG_WARN_STRICT_PROTOTYPES = YES;
				CLANG_WARN_SUSPICIOUS_MOVE = YES;
				CLANG_WARN_UNGUARDED_AVAILABILITY = YES_AGGRESSIVE;
				CLANG_WARN_UNREACHABLE_CODE = YES;
				CLANG_WARN__DUPLICATE_METHOD_MATCH = YES;
				COPY_PHASE_STRIP = NO;
				DEBUG_INFORMATION_FORMAT = dwarf;
				ENABLE_STRICT_OBJC_MSGSEND = YES;
				ENABLE_TESTABILITY = YES;
				ENABLE_USER_SCRIPT_SANDBOXING = YES;
				GCC_C_LANGUAGE_STANDARD = gnu17;
				GCC_DYNAMIC_NO_PIC = NO;
				GCC_NO_COMMON_BLOCKS = YES;
				GCC_OPTIMIZATION_LEVEL = 0;
				GCC_PREPROCESSOR_DEFINITIONS = (
					"DEBUG=1",
					"$(inherited)",
				);
				GCC_WARN_64_TO_32_BIT_CONVERSION = YES;
				GCC_WARN_ABOUT_RETURN_TYPE = YES_ERROR;
				GCC_WARN_UNDECLARED_SELECTOR = YES;
				GCC_WARN_UNINITIALIZED_AUTOS = YES_AGGRESSIVE;
				GCC_WARN_UNUSED_FUNCTION = YES;
				GCC_WARN_UNUSED_VARIABLE = YES;
				IPHONEOS_DEPLOYMENT_TARGET = 18.0;
				LOCALIZATION_PREFERS_STRING_CATALOGS = YES;
				MTL_ENABLE_DEBUG_INFO = INCLUDE_SOURCE;
				MTL_FAST_MATH = YES;
				ONLY_ACTIVE_ARCH = YES;
				SDKROOT = iphoneos;
				SWIFT_ACTIVE_COMPILATION_CONDITIONS = "DEBUG $(inherited)";
				SWIFT_OPTIMIZATION_LEVEL = "-Onone";
			};
			name = Debug;
		};
		1ACAB82C2CC2CFD300115F09 /* Release */ = {
			isa = XCBuildConfiguration;
			buildSettings = {
				ALWAYS_SEARCH_USER_PATHS = NO;
				ASSETCATALOG_COMPILER_GENERATE_SWIFT_ASSET_SYMBOL_EXTENSIONS = YES;
				CLANG_ANALYZER_NONNULL = YES;
				CLANG_ANALYZER_NUMBER_OBJECT_CONVERSION = YES_AGGRESSIVE;
				CLANG_CXX_LANGUAGE_STANDARD = "gnu++20";
				CLANG_ENABLE_MODULES = YES;
				CLANG_ENABLE_OBJC_ARC = YES;
				CLANG_ENABLE_OBJC_WEAK = YES;
				CLANG_WARN_BLOCK_CAPTURE_AUTORELEASING = YES;
				CLANG_WARN_BOOL_CONVERSION = YES;
				CLANG_WARN_COMMA = YES;
				CLANG_WARN_CONSTANT_CONVERSION = YES;
				CLANG_WARN_DEPRECATED_OBJC_IMPLEMENTATIONS = YES;
				CLANG_WARN_DIRECT_OBJC_ISA_USAGE = YES_ERROR;
				CLANG_WARN_DOCUMENTATION_COMMENTS = YES;
				CLANG_WARN_EMPTY_BODY = YES;
				CLANG_WARN_ENUM_CONVERSION = YES;
				CLANG_WARN_INFINITE_RECURSION = YES;
				CLANG_WARN_INT_CONVERSION = YES;
				CLANG_WARN_NON_LITERAL_NULL_CONVERSION = YES;
				CLANG_WARN_OBJC_IMPLICIT_RETAIN_SELF = YES;
				CLANG_WARN_OBJC_LITERAL_CONVERSION = YES;
				CLANG_WARN_OBJC_ROOT_CLASS = YES_ERROR;
				CLANG_WARN_QUOTED_INCLUDE_IN_FRAMEWORK_HEADER = YES;
				CLANG_WARN_RANGE_LOOP_ANALYSIS = YES;
				CLANG_WARN_STRICT_PROTOTYPES = YES;
				CLANG_WARN_SUSPICIOUS_MOVE = YES;
				CLANG_WARN_UNGUARDED_AVAILABILITY = YES_AGGRESSIVE;
				CLANG_WARN_UNREACHABLE_CODE = YES;
				CLANG_WARN__DUPLICATE_METHOD_MATCH = YES;
				COPY_PHASE_STRIP = NO;
				DEBUG_INFORMATION_FORMAT = "dwarf-with-dsym";
				ENABLE_NS_ASSERTIONS = NO;
				ENABLE_STRICT_OBJC_MSGSEND = YES;
				ENABLE_USER_SCRIPT_SANDBOXING = YES;
				GCC_C_LANGUAGE_STANDARD = gnu17;
				GCC_NO_COMMON_BLOCKS = YES;
				GCC_WARN_64_TO_32_BIT_CONVERSION = YES;
				GCC_WARN_ABOUT_RETURN_TYPE = YES_ERROR;
				GCC_WARN_UNDECLARED_SELECTOR = YES;
				GCC_WARN_UNINITIALIZED_AUTOS = YES_AGGRESSIVE;
				GCC_WARN_UNUSED_FUNCTION = YES;
				GCC_WARN_UNUSED_VARIABLE = YES;
				IPHONEOS_DEPLOYMENT_TARGET = 18.0;
				LOCALIZATION_PREFERS_STRING_CATALOGS = YES;
				MTL_ENABLE_DEBUG_INFO = NO;
				MTL_FAST_MATH = YES;
				SDKROOT = iphoneos;
				SWIFT_COMPILATION_MODE = wholemodule;
				VALIDATE_PRODUCT = YES;
			};
			name = Release;
		};
/* End XCBuildConfiguration section */

/* Begin XCConfigurationList section */
		1AAF77A32CC55F6D00684251 /* Build configuration list for PBXNativeTarget "SwiftCVTests" */ = {
			isa = XCConfigurationList;
			buildConfigurations = (
				1AAF77A42CC55F6D00684251 /* Debug */,
				1AAF77A52CC55F6D00684251 /* Release */,
			);
			defaultConfigurationIsVisible = 0;
			defaultConfigurationName = Release;
		};
		1ACAB8102CC2CFD000115F09 /* Build configuration list for PBXProject "SwiftCV" */ = {
			isa = XCConfigurationList;
			buildConfigurations = (
				1ACAB82B2CC2CFD300115F09 /* Debug */,
				1ACAB82C2CC2CFD300115F09 /* Release */,
			);
			defaultConfigurationIsVisible = 0;
			defaultConfigurationName = Release;
		};
		1ACAB8282CC2CFD300115F09 /* Build configuration list for PBXNativeTarget "SwiftCV" */ = {
			isa = XCConfigurationList;
			buildConfigurations = (
				1ACAB8292CC2CFD300115F09 /* Debug */,
				1ACAB82A2CC2CFD300115F09 /* Release */,
			);
			defaultConfigurationIsVisible = 0;
			defaultConfigurationName = Release;
		};
/* End XCConfigurationList section */

/* Begin XCRemoteSwiftPackageReference section */
		1A2BFC5E2CC56FA60033B837 /* XCRemoteSwiftPackageReference "SwiftLintPlugins" */ = {
			isa = XCRemoteSwiftPackageReference;
			repositoryURL = "https://github.com/SimplyDanny/SwiftLintPlugins";
			requirement = {
				kind = upToNextMajorVersion;
				minimumVersion = 0.57.0;
			};
		};
		1A37E3542CC6A6970041D586 /* XCRemoteSwiftPackageReference "ChemaUtils" */ = {
			isa = XCRemoteSwiftPackageReference;
			repositoryURL = "https://github.com/jm-jimenez/ChemaUtils";
			requirement = {
				branch = main;
				kind = branch;
			};
		};
/* End XCRemoteSwiftPackageReference section */

/* Begin XCSwiftPackageProductDependency section */
		1A3CB06A2CC38F2800B08AEA /* ChemaUtils */ = {
			isa = XCSwiftPackageProductDependency;
			productName = ChemaUtils;
		};
		1A3CB0E22CC398DE00B08AEA /* ChemaUtils */ = {
			isa = XCSwiftPackageProductDependency;
			productName = ChemaUtils;
		};
		1A403C0B2CC4DF6B00F5236A /* ChemaUtils */ = {
			isa = XCSwiftPackageProductDependency;
			productName = ChemaUtils;
		};
		1AB1567B2CC570B9004BF111 /* SwiftLintBuildToolPlugin */ = {
			isa = XCSwiftPackageProductDependency;
			package = 1A2BFC5E2CC56FA60033B837 /* XCRemoteSwiftPackageReference "SwiftLintPlugins" */;
			productName = "plugin:SwiftLintBuildToolPlugin";
		};
		1AB828DF2CC3BA150008F241 /* ChemaUtils */ = {
			isa = XCSwiftPackageProductDependency;
			productName = ChemaUtils;
		};
/* End XCSwiftPackageProductDependency section */
	};
	rootObject = 1ACAB80D2CC2CFCF00115F09 /* Project object */;
}
